
Microsoft Visual Studio Solution File, Format Version 12.00
# Visual Studio Version 16
VisualStudioVersion = 16.0.30320.27
MinimumVisualStudioVersion = 10.0.40219.1
Project("{FAE04EC0-301F-11D3-BF4B-00C04F79EFBC}") = "AppTeste01.Android", "AppTeste01.Android\AppTeste01.Android.csproj", "{4407F013-93E5-450D-A2B1-49ACA3E0DC7A}"
EndProject
Project("{FAE04EC0-301F-11D3-BF4B-00C04F79EFBC}") = "AppTeste01", "AppTeste01\AppTeste01.csproj", "{E87A98DE-837A-4D7C-8272-38018F0E6DA3}"
EndProject
Global
	GlobalSection(SolutionConfigurationPlatforms) = preSolution
		Debug|Any CPU = Debug|Any CPU
		Release|Any CPU = Release|Any CPU
	EndGlobalSection
	GlobalSection(ProjectConfigurationPlatforms) = postSolution
		{4407F013-93E5-450D-A2B1-49ACA3E0DC7A}.Debug|Any CPU.ActiveCfg = Debug|Any CPU
		{4407F013-93E5-450D-A2B1-49ACA3E0DC7A}.Debug|Any CPU.Build.0 = Debug|Any CPU
		{4407F013-93E5-450D-A2B1-49ACA3E0DC7A}.Debug|Any CPU.Deploy.0 = Debug|Any CPU
		{4407F013-93E5-450D-A2B1-49ACA3E0DC7A}.Release|Any CPU.ActiveCfg = Release|Any CPU
		{4407F013-93E5-450D-A2B1-49ACA3E0DC7A}.Release|Any CPU.Build.0 = Release|Any CPU
		{4407F013-93E5-450D-A2B1-49ACA3E0DC7A}.Release|Any CPU.Deploy.0 = Release|Any CPU
		{E87A98DE-837A-4D7C-8272-38018F0E6DA3}.Debug|Any CPU.ActiveCfg = Debug|Any CPU
		{E87A98DE-837A-4D7C-8272-38018F0E6DA3}.Debug|Any CPU.Build.0 = Debug|Any CPU
		{E87A98DE-837A-4D7C-8272-38018F0E6DA3}.Debug|Any CPU.Deploy.0 = Debug|Any CPU
		{E87A98DE-837A-4D7C-8272-38018F0E6DA3}.Release|Any CPU.ActiveCfg = Release|Any CPU
		{E87A98DE-837A-4D7C-8272-38018F0E6DA3}.Release|Any CPU.Build.0 = Release|Any CPU
		{E87A98DE-837A-4D7C-8272-38018F0E6DA3}.Release|Any CPU.Deploy.0 = Release|Any CPU
	EndGlobalSection
	GlobalSection(SolutionProperties) = preSolution
		HideSolutionNode = FALSE
	EndGlobalSection
	GlobalSection(ExtensibilityGlobals) = postSolution
		SolutionGuid = {D073D085-F9D4-4FC5-98D3-41F77AF112A5}
	EndGlobalSection
EndGlobal
