
Microsoft Visual Studio Solution File, Format Version 12.00
# Visual Studio Version 16
VisualStudioVersion = 16.0.30320.27
MinimumVisualStudioVersion = 10.0.40219.1
Project("{FAE04EC0-301F-11D3-BF4B-00C04F79EFBC}") = "App_ComprarCafe.Android", "App_ComprarCafe.Android\App_ComprarCafe.Android.csproj", "{A3AC1606-B748-429E-80C1-64BDA2787E1C}"
EndProject
Project("{FAE04EC0-301F-11D3-BF4B-00C04F79EFBC}") = "App_ComprarCafe", "App_ComprarCafe\App_ComprarCafe.csproj", "{4BBDF569-7ED4-4575-B289-B96561B58F84}"
EndProject
Global
	GlobalSection(SolutionConfigurationPlatforms) = preSolution
		Debug|Any CPU = Debug|Any CPU
		Release|Any CPU = Release|Any CPU
	EndGlobalSection
	GlobalSection(ProjectConfigurationPlatforms) = postSolution
		{A3AC1606-B748-429E-80C1-64BDA2787E1C}.Debug|Any CPU.ActiveCfg = Debug|Any CPU
		{A3AC1606-B748-429E-80C1-64BDA2787E1C}.Debug|Any CPU.Build.0 = Debug|Any CPU
		{A3AC1606-B748-429E-80C1-64BDA2787E1C}.Debug|Any CPU.Deploy.0 = Debug|Any CPU
		{A3AC1606-B748-429E-80C1-64BDA2787E1C}.Release|Any CPU.ActiveCfg = Release|Any CPU
		{A3AC1606-B748-429E-80C1-64BDA2787E1C}.Release|Any CPU.Build.0 = Release|Any CPU
		{A3AC1606-B748-429E-80C1-64BDA2787E1C}.Release|Any CPU.Deploy.0 = Release|Any CPU
		{4BBDF569-7ED4-4575-B289-B96561B58F84}.Debug|Any CPU.ActiveCfg = Debug|Any CPU
		{4BBDF569-7ED4-4575-B289-B96561B58F84}.Debug|Any CPU.Build.0 = Debug|Any CPU
		{4BBDF569-7ED4-4575-B289-B96561B58F84}.Debug|Any CPU.Deploy.0 = Debug|Any CPU
		{4BBDF569-7ED4-4575-B289-B96561B58F84}.Release|Any CPU.ActiveCfg = Release|Any CPU
		{4BBDF569-7ED4-4575-B289-B96561B58F84}.Release|Any CPU.Build.0 = Release|Any CPU
		{4BBDF569-7ED4-4575-B289-B96561B58F84}.Release|Any CPU.Deploy.0 = Release|Any CPU
	EndGlobalSection
	GlobalSection(SolutionProperties) = preSolution
		HideSolutionNode = FALSE
	EndGlobalSection
	GlobalSection(ExtensibilityGlobals) = postSolution
		SolutionGuid = {2FBA577B-6D85-4A12-96FF-C0052315D005}
	EndGlobalSection
EndGlobal
