
Microsoft Visual Studio Solution File, Format Version 12.00
# Visual Studio 2012
Project("{FAE04EC0-301F-11D3-BF4B-00C04F79EFBC}") = "TrabalhandoComListas", "TrabalhandoComListas\TrabalhandoComListas.csproj", "{C8264D3F-CE9D-4C23-8802-257FC9BD609B}"
EndProject
Global
	GlobalSection(SolutionConfigurationPlatforms) = preSolution
		Debug|Any CPU = Debug|Any CPU
		Release|Any CPU = Release|Any CPU
	EndGlobalSection
	GlobalSection(ProjectConfigurationPlatforms) = postSolution
		{C8264D3F-CE9D-4C23-8802-257FC9BD609B}.Debug|Any CPU.ActiveCfg = Debug|Any CPU
		{C8264D3F-CE9D-4C23-8802-257FC9BD609B}.Debug|Any CPU.Build.0 = Debug|Any CPU
		{C8264D3F-CE9D-4C23-8802-257FC9BD609B}.Release|Any CPU.ActiveCfg = Release|Any CPU
		{C8264D3F-CE9D-4C23-8802-257FC9BD609B}.Release|Any CPU.Build.0 = Release|Any CPU
	EndGlobalSection
	GlobalSection(SolutionProperties) = preSolution
		HideSolutionNode = FALSE
	EndGlobalSection
EndGlobal
