
Microsoft Visual Studio Solution File, Format Version 12.00
# Visual Studio 2012
Project("{FAE04EC0-301F-11D3-BF4B-00C04F79EFBC}") = "AumentoSalarial", "AumentoSalarial\AumentoSalarial.csproj", "{2855F1CC-20A3-4E4B-AE7D-0C0BE06110D3}"
EndProject
Global
	GlobalSection(SolutionConfigurationPlatforms) = preSolution
		Debug|Any CPU = Debug|Any CPU
		Release|Any CPU = Release|Any CPU
	EndGlobalSection
	GlobalSection(ProjectConfigurationPlatforms) = postSolution
		{2855F1CC-20A3-4E4B-AE7D-0C0BE06110D3}.Debug|Any CPU.ActiveCfg = Debug|Any CPU
		{2855F1CC-20A3-4E4B-AE7D-0C0BE06110D3}.Debug|Any CPU.Build.0 = Debug|Any CPU
		{2855F1CC-20A3-4E4B-AE7D-0C0BE06110D3}.Release|Any CPU.ActiveCfg = Release|Any CPU
		{2855F1CC-20A3-4E4B-AE7D-0C0BE06110D3}.Release|Any CPU.Build.0 = Release|Any CPU
	EndGlobalSection
	GlobalSection(SolutionProperties) = preSolution
		HideSolutionNode = FALSE
	EndGlobalSection
EndGlobal
