
Microsoft Visual Studio Solution File, Format Version 12.00
# Visual Studio 2012
Project("{FAE04EC0-301F-11D3-BF4B-00C04F79EFBC}") = "CalcularAlturaMediaEntreNPessoas", "CalcularAlturaMediaEntreNPessoas\CalcularAlturaMediaEntreNPessoas.csproj", "{5AD3835B-069A-4C69-B08B-AC732C1331FB}"
EndProject
Global
	GlobalSection(SolutionConfigurationPlatforms) = preSolution
		Debug|Any CPU = Debug|Any CPU
		Release|Any CPU = Release|Any CPU
	EndGlobalSection
	GlobalSection(ProjectConfigurationPlatforms) = postSolution
		{5AD3835B-069A-4C69-B08B-AC732C1331FB}.Debug|Any CPU.ActiveCfg = Debug|Any CPU
		{5AD3835B-069A-4C69-B08B-AC732C1331FB}.Debug|Any CPU.Build.0 = Debug|Any CPU
		{5AD3835B-069A-4C69-B08B-AC732C1331FB}.Release|Any CPU.ActiveCfg = Release|Any CPU
		{5AD3835B-069A-4C69-B08B-AC732C1331FB}.Release|Any CPU.Build.0 = Release|Any CPU
	EndGlobalSection
	GlobalSection(SolutionProperties) = preSolution
		HideSolutionNode = FALSE
	EndGlobalSection
EndGlobal
